// !$*UTF8*$!
{
	archiveVersion = 1;
	classes = {
	};
	objectVersion = 50;
	objects = {

/* Begin PBXBuildFile section */
		AE03FD7B2095A6410095AEFB /* JLsSubdivideView.h in Headers */ = {isa = PBXBuildFile; fileRef = AE03FD7A2095A6410095AEFB /* JLsSubdivideView.h */; };
		AE03FD7D2095A6410095AEFB /* JLsSubdivideView.m in Sources */ = {isa = PBXBuildFile; fileRef = AE03FD7C2095A6410095AEFB /* JLsSubdivideView.m */; };
		AE03FD862095A8810095AEFB /* BoxItem.h in Headers */ = {isa = PBXBuildFile; fileRef = AE03FD842095A8810095AEFB /* BoxItem.h */; };
		AE03FD872095A8810095AEFB /* BoxItem.m in Sources */ = {isa = PBXBuildFile; fileRef = AE03FD852095A8810095AEFB /* BoxItem.m */; };
/* End PBXBuildFile section */

/* Begin PBXFileReference section */
		AE03FD772095A6410095AEFB /* JLsSubdivide.saver */ = {isa = PBXFileReference; explicitFileType = wrapper.cfbundle; includeInIndex = 0; path = JLsSubdivide.saver; sourceTree = BUILT_PRODUCTS_DIR; };
		AE03FD7A2095A6410095AEFB /* JLsSubdivideView.h */ = {isa = PBXFileReference; lastKnownFileType = sourcecode.c.h; path = JLsSubdivideView.h; sourceTree = "<group>"; };
		AE03FD7C2095A6410095AEFB /* JLsSubdivideView.m */ = {isa = PBXFileReference; lastKnownFileType = sourcecode.c.objc; path = JLsSubdivideView.m; sourceTree = "<group>"; };
		AE03FD7E2095A6410095AEFB /* Info.plist */ = {isa = PBXFileReference; lastKnownFileType = text.plist.xml; path = Info.plist; sourceTree = "<group>"; };
		AE03FD842095A8810095AEFB /* BoxItem.h */ = {isa = PBXFileReference; fileEncoding = 4; lastKnownFileType = sourcecode.c.h; path = BoxItem.h; sourceTree = "<group>"; };
		AE03FD852095A8810095AEFB /* BoxItem.m */ = {isa = PBXFileReference; fileEncoding = 4; lastKnownFileType = sourcecode.c.objc; path = BoxItem.m; sourceTree = "<group>"; };
		AEB2A40720A19BE200127875 /* CGVectorAdditions.h */ = {isa = PBXFileReference; lastKnownFileType = sourcecode.c.h; path = CGVectorAdditions.h; sourceTree = "<group>"; };
/* End PBXFileReference section */

/* Begin PBXFrameworksBuildPhase section */
		AE03FD732095A6410095AEFB /* Frameworks */ = {
			isa = PBXFrameworksBuildPhase;
			buildActionMask = 2147483647;
			files = (
			);
			runOnlyForDeploymentPostprocessing = 0;
		};
/* End PBXFrameworksBuildPhase section */

/* Begin PBXGroup section */
		AE03FD6D2095A6410095AEFB = {
			isa = PBXGroup;
			children = (
				AE03FD792095A6410095AEFB /* JLsSubdivide */,
				AE03FD782095A6410095AEFB /* Products */,
			);
			sourceTree = "<group>";
		};
		AE03FD782095A6410095AEFB /* Products */ = {
			isa = PBXGroup;
			children = (
				AE03FD772095A6410095AEFB /* JLsSubdivide.saver */,
			);
			name = Products;
			sourceTree = "<group>";
		};
		AE03FD792095A6410095AEFB /* JLsSubdivide */ = {
			isa = PBXGroup;
			children = (
				AE03FD842095A8810095AEFB /* BoxItem.h */,
				AE03FD852095A8810095AEFB /* BoxItem.m */,
				AE03FD7A2095A6410095AEFB /* JLsSubdivideView.h */,
				AE03FD7C2095A6410095AEFB /* JLsSubdivideView.m */,
				AE03FD7E2095A6410095AEFB /* Info.plist */,
				AEB2A40720A19BE200127875 /* CGVectorAdditions.h */,
			);
			path = JLsSubdivide;
			sourceTree = "<group>";
		};
/* End PBXGroup section */

/* Begin PBXHeadersBuildPhase section */
		AE03FD742095A6410095AEFB /* Headers */ = {
			isa = PBXHeadersBuildPhase;
			buildActionMask = 2147483647;
			files = (
				AE03FD7B2095A6410095AEFB /* JLsSubdivideView.h in Headers */,
				AE03FD862095A8810095AEFB /* BoxItem.h in Headers */,
			);
			runOnlyForDeploymentPostprocessing = 0;
		};
/* End PBXHeadersBuildPhase section */

/* Begin PBXNativeTarget section */
		AE03FD762095A6410095AEFB /* JLsSubdivide */ = {
			isa = PBXNativeTarget;
			buildConfigurationList = AE03FD812095A6410095AEFB /* Build configuration list for PBXNativeTarget "JLsSubdivide" */;
			buildPhases = (
				AE03FD722095A6410095AEFB /* Sources */,
				AE03FD732095A6410095AEFB /* Frameworks */,
				AE03FD742095A6410095AEFB /* Headers */,
				AE03FD752095A6410095AEFB /* Resources */,
			);
			buildRules = (
			);
			dependencies = (
			);
			name = JLsSubdivide;
			productName = JLsSubdivide;
			productReference = AE03FD772095A6410095AEFB /* JLsSubdivide.saver */;
			productType = "com.apple.product-type.bundle";
		};
/* End PBXNativeTarget section */

/* Begin PBXProject section */
		AE03FD6E2095A6410095AEFB /* Project object */ = {
			isa = PBXProject;
			attributes = {
				LastUpgradeCheck = 0930;
				ORGANIZATIONNAME = "Georg Duemlein";
				TargetAttributes = {
					AE03FD762095A6410095AEFB = {
						CreatedOnToolsVersion = 9.3;
					};
				};
			};
			buildConfigurationList = AE03FD712095A6410095AEFB /* Build configuration list for PBXProject "JLsSubdivide" */;
			compatibilityVersion = "Xcode 9.3";
			developmentRegion = en;
			hasScannedForEncodings = 0;
			knownRegions = (
				en,
			);
			mainGroup = AE03FD6D2095A6410095AEFB;
			productRefGroup = AE03FD782095A6410095AEFB /* Products */;
			projectDirPath = "";
			projectRoot = "";
			targets = (
				AE03FD762095A6410095AEFB /* JLsSubdivide */,
			);
		};
/* End PBXProject section */

/* Begin PBXResourcesBuildPhase section */
		AE03FD752095A6410095AEFB /* Resources */ = {
			isa = PBXResourcesBuildPhase;
			buildActionMask = 2147483647;
			files = (
			);
			runOnlyForDeploymentPostprocessing = 0;
		};
/* End PBXResourcesBuildPhase section */

/* Begin PBXSourcesBuildPhase section */
		AE03FD722095A6410095AEFB /* Sources */ = {
			isa = PBXSourcesBuildPhase;
			buildActionMask = 2147483647;
			files = (
				AE03FD872095A8810095AEFB /* BoxItem.m in Sources */,
				AE03FD7D2095A6410095AEFB /* JLsSubdivideView.m in Sources */,
			);
			runOnlyForDeploymentPostprocessing = 0;
		};
/* End PBXSourcesBuildPhase section */

/* Begin XCBuildConfiguration section */
		AE03FD7F2095A6410095AEFB /* Debug */ = {
			isa = XCBuildConfiguration;
			buildSettings = {
				ALWAYS_SEARCH_USER_PATHS = NO;
				CLANG_ANALYZER_NONNULL = YES;
				CLANG_ANALYZER_NUMBER_OBJECT_CONVERSION = YES_AGGRESSIVE;
				CLANG_CXX_LANGUAGE_STANDARD = "gnu++14";
				CLANG_CXX_LIBRARY = "libc++";
				CLANG_ENABLE_MODULES = YES;
				CLANG_ENABLE_OBJC_ARC = YES;
				CLANG_ENABLE_OBJC_WEAK = YES;
				CLANG_WARN_BLOCK_CAPTURE_AUTORELEASING = YES;
				CLANG_WARN_BOOL_CONVERSION = YES;
				CLANG_WARN_COMMA = YES;
				CLANG_WARN_CONSTANT_CONVERSION = YES;
				CLANG_WARN_DEPRECATED_OBJC_IMPLEMENTATIONS = YES;
				CLANG_WARN_DIRECT_OBJC_ISA_USAGE = YES_ERROR;
				CLANG_WARN_DOCUMENTATION_COMMENTS = YES;
				CLANG_WARN_EMPTY_BODY = YES;
				CLANG_WARN_ENUM_CONVERSION = YES;
				CLANG_WARN_INFINITE_RECURSION = YES;
				CLANG_WARN_INT_CONVERSION = YES;
				CLANG_WARN_NON_LITERAL_NULL_CONVERSION = YES;
				CLANG_WARN_OBJC_IMPLICIT_RETAIN_SELF = YES;
				CLANG_WARN_OBJC_LITERAL_CONVERSION = YES;
				CLANG_WARN_OBJC_ROOT_CLASS = YES_ERROR;
				CLANG_WARN_RANGE_LOOP_ANALYSIS = YES;
				CLANG_WARN_STRICT_PROTOTYPES = YES;
				CLANG_WARN_SUSPICIOUS_MOVE = YES;
				CLANG_WARN_UNGUARDED_AVAILABILITY = YES_AGGRESSIVE;
				CLANG_WARN_UNREACHABLE_CODE = YES;
				CLANG_WARN__DUPLICATE_METHOD_MATCH = YES;
				CODE_SIGN_IDENTITY = "Mac Developer";
				COPY_PHASE_STRIP = NO;
				DEBUG_INFORMATION_FORMAT = dwarf;
				ENABLE_STRICT_OBJC_MSGSEND = YES;
				ENABLE_TESTABILITY = YES;
				GCC_C_LANGUAGE_STANDARD = gnu11;
				GCC_DYNAMIC_NO_PIC = NO;
				GCC_NO_COMMON_BLOCKS = YES;
				GCC_OPTIMIZATION_LEVEL = 0;
				GCC_PREPROCESSOR_DEFINITIONS = (
					"DEBUG=1",
					"$(inherited)",
				);
				GCC_WARN_64_TO_32_BIT_CONVERSION = YES;
				GCC_WARN_ABOUT_RETURN_TYPE = YES_ERROR;
				GCC_WARN_UNDECLARED_SELECTOR = YES;
				GCC_WARN_UNINITIALIZED_AUTOS = YES_AGGRESSIVE;
				GCC_WARN_UNUSED_FUNCTION = YES;
				GCC_WARN_UNUSED_VARIABLE = YES;
				MACOSX_DEPLOYMENT_TARGET = 10.13;
				MTL_ENABLE_DEBUG_INFO = YES;
				ONLY_ACTIVE_ARCH = YES;
				SDKROOT = macosx;
			};
			name = Debug;
		};
		AE03FD802095A6410095AEFB /* Release */ = {
			isa = XCBuildConfiguration;
			buildSettings = {
				ALWAYS_SEARCH_USER_PATHS = NO;
				CLANG_ANALYZER_NONNULL = YES;
				CLANG_ANALYZER_NUMBER_OBJECT_CONVERSION = YES_AGGRESSIVE;
				CLANG_CXX_LANGUAGE_STANDARD = "gnu++14";
				CLANG_CXX_LIBRARY = "libc++";
				CLANG_ENABLE_MODULES = YES;
				CLANG_ENABLE_OBJC_ARC = YES;
				CLANG_ENABLE_OBJC_WEAK = YES;
				CLANG_WARN_BLOCK_CAPTURE_AUTORELEASING = YES;
				CLANG_WARN_BOOL_CONVERSION = YES;
				CLANG_WARN_COMMA = YES;
				CLANG_WARN_CONSTANT_CONVERSION = YES;
				CLANG_WARN_DEPRECATED_OBJC_IMPLEMENTATIONS = YES;
				CLANG_WARN_DIRECT_OBJC_ISA_USAGE = YES_ERROR;
				CLANG_WARN_DOCUMENTATION_COMMENTS = YES;
				CLANG_WARN_EMPTY_BODY = YES;
				CLANG_WARN_ENUM_CONVERSION = YES;
				CLANG_WARN_INFINITE_RECURSION = YES;
				CLANG_WARN_INT_CONVERSION = YES;
				CLANG_WARN_NON_LITERAL_NULL_CONVERSION = YES;
				CLANG_WARN_OBJC_IMPLICIT_RETAIN_SELF = YES;
				CLANG_WARN_OBJC_LITERAL_CONVERSION = YES;
				CLANG_WARN_OBJC_ROOT_CLASS = YES_ERROR;
				CLANG_WARN_RANGE_LOOP_ANALYSIS = YES;
				CLANG_WARN_STRICT_PROTOTYPES = YES;
				CLANG_WARN_SUSPICIOUS_MOVE = YES;
				CLANG_WARN_UNGUARDED_AVAILABILITY = YES_AGGRESSIVE;
				CLANG_WARN_UNREACHABLE_CODE = YES;
				CLANG_WARN__DUPLICATE_METHOD_MATCH = YES;
				CODE_SIGN_IDENTITY = "Mac Developer";
				COPY_PHASE_STRIP = NO;
				DEBUG_INFORMATION_FORMAT = "dwarf-with-dsym";
				ENABLE_NS_ASSERTIONS = NO;
				ENABLE_STRICT_OBJC_MSGSEND = YES;
				GCC_C_LANGUAGE_STANDARD = gnu11;
				GCC_NO_COMMON_BLOCKS = YES;
				GCC_WARN_64_TO_32_BIT_CONVERSION = YES;
				GCC_WARN_ABOUT_RETURN_TYPE = YES_ERROR;
				GCC_WARN_UNDECLARED_SELECTOR = YES;
				GCC_WARN_UNINITIALIZED_AUTOS = YES_AGGRESSIVE;
				GCC_WARN_UNUSED_FUNCTION = YES;
				GCC_WARN_UNUSED_VARIABLE = YES;
				MACOSX_DEPLOYMENT_TARGET = 10.13;
				MTL_ENABLE_DEBUG_INFO = NO;
				SDKROOT = macosx;
			};
			name = Release;
		};
		AE03FD822095A6410095AEFB /* Debug */ = {
			isa = XCBuildConfiguration;
			buildSettings = {
				CODE_SIGN_STYLE = Automatic;
				COMBINE_HIDPI_IMAGES = YES;
				DEVELOPMENT_TEAM = 29AVQVW2VK;
				INFOPLIST_FILE = JLsSubdivide/Info.plist;
				INSTALL_PATH = "$(HOME)/Library/Screen Savers";
				PRODUCT_BUNDLE_IDENTIFIER = preset.de.JLsSubdivide;
				PRODUCT_NAME = "$(TARGET_NAME)";
				WRAPPER_EXTENSION = saver;
			};
			name = Debug;
		};
		AE03FD832095A6410095AEFB /* Release */ = {
			isa = XCBuildConfiguration;
			buildSettings = {
				CODE_SIGN_STYLE = Automatic;
				COMBINE_HIDPI_IMAGES = YES;
				DEVELOPMENT_TEAM = 29AVQVW2VK;
				INFOPLIST_FILE = JLsSubdivide/Info.plist;
				INSTALL_PATH = "$(HOME)/Library/Screen Savers";
				PRODUCT_BUNDLE_IDENTIFIER = preset.de.JLsSubdivide;
				PRODUCT_NAME = "$(TARGET_NAME)";
				WRAPPER_EXTENSION = saver;
			};
			name = Release;
		};
/* End XCBuildConfiguration section */

/* Begin XCConfigurationList section */
		AE03FD712095A6410095AEFB /* Build configuration list for PBXProject "JLsSubdivide" */ = {
			isa = XCConfigurationList;
			buildConfigurations = (
				AE03FD7F2095A6410095AEFB /* Debug */,
				AE03FD802095A6410095AEFB /* Release */,
			);
			defaultConfigurationIsVisible = 0;
			defaultConfigurationName = Release;
		};
		AE03FD812095A6410095AEFB /* Build configuration list for PBXNativeTarget "JLsSubdivide" */ = {
			isa = XCConfigurationList;
			buildConfigurations = (
				AE03FD822095A6410095AEFB /* Debug */,
				AE03FD832095A6410095AEFB /* Release */,
			);
			defaultConfigurationIsVisible = 0;
			defaultConfigurationName = Release;
		};
/* End XCConfigurationList section */
	};
	rootObject = AE03FD6E2095A6410095AEFB /* Project object */;
}
